
Microsoft Visual Studio Solution File, Format Version 12.00
# Visual Studio Version 17
VisualStudioVersion = 17.4.33205.214
MinimumVisualStudioVersion = 10.0.40219.1
Project("{FAE04EC0-301F-11D3-BF4B-00C04F79EFBC}") = "RabbitMQ.publisher", "RabbitMQ.publisher\RabbitMQ.publisher.csproj", "{C703DF89-D8EB-41BD-BD83-DCA9D1E718A5}"
EndProject
Project("{FAE04EC0-301F-11D3-BF4B-00C04F79EFBC}") = "UdemyRabbitMQ.subscriber", "UdemyRabbitMQ.subscriber\UdemyRabbitMQ.subscriber.csproj", "{B585ACFF-41F7-4A1A-AB71-7D124623B5F1}"
EndProject
Global
	GlobalSection(SolutionConfigurationPlatforms) = preSolution
		Debug|Any CPU = Debug|Any CPU
		Release|Any CPU = Release|Any CPU
	EndGlobalSection
	GlobalSection(ProjectConfigurationPlatforms) = postSolution
		{C703DF89-D8EB-41BD-BD83-DCA9D1E718A5}.Debug|Any CPU.ActiveCfg = Debug|Any CPU
		{C703DF89-D8EB-41BD-BD83-DCA9D1E718A5}.Debug|Any CPU.Build.0 = Debug|Any CPU
		{C703DF89-D8EB-41BD-BD83-DCA9D1E718A5}.Release|Any CPU.ActiveCfg = Release|Any CPU
		{C703DF89-D8EB-41BD-BD83-DCA9D1E718A5}.Release|Any CPU.Build.0 = Release|Any CPU
		{B585ACFF-41F7-4A1A-AB71-7D124623B5F1}.Debug|Any CPU.ActiveCfg = Debug|Any CPU
		{B585ACFF-41F7-4A1A-AB71-7D124623B5F1}.Debug|Any CPU.Build.0 = Debug|Any CPU
		{B585ACFF-41F7-4A1A-AB71-7D124623B5F1}.Release|Any CPU.ActiveCfg = Release|Any CPU
		{B585ACFF-41F7-4A1A-AB71-7D124623B5F1}.Release|Any CPU.Build.0 = Release|Any CPU
	EndGlobalSection
	GlobalSection(SolutionProperties) = preSolution
		HideSolutionNode = FALSE
	EndGlobalSection
	GlobalSection(ExtensibilityGlobals) = postSolution
		SolutionGuid = {E7751497-C848-4683-9879-560D38FE6D99}
	EndGlobalSection
EndGlobal
